
Microsoft Visual Studio Solution File, Format Version 12.00
# Visual Studio Version 16
VisualStudioVersion = 16.0.30907.101
MinimumVisualStudioVersion = 10.0.40219.1
Project("{FAE04EC0-301F-11D3-BF4B-00C04F79EFBC}") = "Dupo", "Dupo\Dupo.csproj", "{8D9F1A24-66BA-4452-BB7D-8A9707CC9FDA}"
EndProject
Global
	GlobalSection(SolutionConfigurationPlatforms) = preSolution
		Debug|Any CPU = Debug|Any CPU
		Release|Any CPU = Release|Any CPU
	EndGlobalSection
	GlobalSection(ProjectConfigurationPlatforms) = postSolution
		{8D9F1A24-66BA-4452-BB7D-8A9707CC9FDA}.Debug|Any CPU.ActiveCfg = Debug|Any CPU
		{8D9F1A24-66BA-4452-BB7D-8A9707CC9FDA}.Debug|Any CPU.Build.0 = Debug|Any CPU
		{8D9F1A24-66BA-4452-BB7D-8A9707CC9FDA}.Release|Any CPU.ActiveCfg = Release|Any CPU
		{8D9F1A24-66BA-4452-BB7D-8A9707CC9FDA}.Release|Any CPU.Build.0 = Release|Any CPU
	EndGlobalSection
	GlobalSection(SolutionProperties) = preSolution
		HideSolutionNode = FALSE
	EndGlobalSection
	GlobalSection(ExtensibilityGlobals) = postSolution
		SolutionGuid = {74166FD9-766E-4A56-980F-2DE31D48ABD4}
	EndGlobalSection
EndGlobal
